
Microsoft Visual Studio Solution File, Format Version 12.00
# Visual Studio Version 17
VisualStudioVersion = 17.8.34316.72
MinimumVisualStudioVersion = 10.0.40219.1
Project("{9A19103F-16F7-4668-BE54-9A1E7A4F7556}") = "Vision.Server", "Vision.Server\Vision.Server.csproj", "{21C69B02-326C-4B5A-8657-42C192F71786}"
EndProject
Project("{54A90642-561A-4BB1-A94E-469ADEE60C69}") = "vision.client", "vision.client\vision.client.esproj", "{7DDBD95A-D8F5-4BAC-9F0A-B36B2A2AEC84}"
EndProject
Project("{9A19103F-16F7-4668-BE54-9A1E7A4F7556}") = "Vision.Test", "Vision.Test\Vision.Test.csproj", "{905AE80F-E34E-4FA1-8A90-FE5EE0812F6D}"
	ProjectSection(ProjectDependencies) = postProject
		{21C69B02-326C-4B5A-8657-42C192F71786} = {21C69B02-326C-4B5A-8657-42C192F71786}
	EndProjectSection
EndProject
Global
	GlobalSection(SolutionConfigurationPlatforms) = preSolution
		Debug|Any CPU = Debug|Any CPU
		Release|Any CPU = Release|Any CPU
	EndGlobalSection
	GlobalSection(ProjectConfigurationPlatforms) = postSolution
		{21C69B02-326C-4B5A-8657-42C192F71786}.Debug|Any CPU.ActiveCfg = Debug|Any CPU
		{21C69B02-326C-4B5A-8657-42C192F71786}.Debug|Any CPU.Build.0 = Debug|Any CPU
		{21C69B02-326C-4B5A-8657-42C192F71786}.Release|Any CPU.ActiveCfg = Release|Any CPU
		{21C69B02-326C-4B5A-8657-42C192F71786}.Release|Any CPU.Build.0 = Release|Any CPU
		{7DDBD95A-D8F5-4BAC-9F0A-B36B2A2AEC84}.Debug|Any CPU.ActiveCfg = Debug|Any CPU
		{7DDBD95A-D8F5-4BAC-9F0A-B36B2A2AEC84}.Debug|Any CPU.Build.0 = Debug|Any CPU
		{7DDBD95A-D8F5-4BAC-9F0A-B36B2A2AEC84}.Debug|Any CPU.Deploy.0 = Debug|Any CPU
		{7DDBD95A-D8F5-4BAC-9F0A-B36B2A2AEC84}.Release|Any CPU.ActiveCfg = Release|Any CPU
		{7DDBD95A-D8F5-4BAC-9F0A-B36B2A2AEC84}.Release|Any CPU.Build.0 = Release|Any CPU
		{7DDBD95A-D8F5-4BAC-9F0A-B36B2A2AEC84}.Release|Any CPU.Deploy.0 = Release|Any CPU
		{905AE80F-E34E-4FA1-8A90-FE5EE0812F6D}.Debug|Any CPU.ActiveCfg = Debug|Any CPU
		{905AE80F-E34E-4FA1-8A90-FE5EE0812F6D}.Debug|Any CPU.Build.0 = Debug|Any CPU
		{905AE80F-E34E-4FA1-8A90-FE5EE0812F6D}.Release|Any CPU.ActiveCfg = Release|Any CPU
		{905AE80F-E34E-4FA1-8A90-FE5EE0812F6D}.Release|Any CPU.Build.0 = Release|Any CPU
	EndGlobalSection
	GlobalSection(SolutionProperties) = preSolution
		HideSolutionNode = FALSE
	EndGlobalSection
	GlobalSection(ExtensibilityGlobals) = postSolution
		SolutionGuid = {BA868303-0632-466E-9EDD-C14DFAF3ACD2}
	EndGlobalSection
EndGlobal
